
Microsoft Visual Studio Solution File, Format Version 12.00
# Visual Studio Version 16
VisualStudioVersion = 16.0.30330.147
MinimumVisualStudioVersion = 10.0.40219.1
Project("{FAE04EC0-301F-11D3-BF4B-00C04F79EFBC}") = "Salario -01", "Salario -01\Salario -01.csproj", "{9D75573C-1D4E-4B36-BBB9-FBE71DEDCA6C}"
EndProject
Global
	GlobalSection(SolutionConfigurationPlatforms) = preSolution
		Debug|Any CPU = Debug|Any CPU
		Release|Any CPU = Release|Any CPU
	EndGlobalSection
	GlobalSection(ProjectConfigurationPlatforms) = postSolution
		{9D75573C-1D4E-4B36-BBB9-FBE71DEDCA6C}.Debug|Any CPU.ActiveCfg = Debug|Any CPU
		{9D75573C-1D4E-4B36-BBB9-FBE71DEDCA6C}.Debug|Any CPU.Build.0 = Debug|Any CPU
		{9D75573C-1D4E-4B36-BBB9-FBE71DEDCA6C}.Release|Any CPU.ActiveCfg = Release|Any CPU
		{9D75573C-1D4E-4B36-BBB9-FBE71DEDCA6C}.Release|Any CPU.Build.0 = Release|Any CPU
	EndGlobalSection
	GlobalSection(SolutionProperties) = preSolution
		HideSolutionNode = FALSE
	EndGlobalSection
	GlobalSection(ExtensibilityGlobals) = postSolution
		SolutionGuid = {067622D0-AE18-4FDE-A0D0-A8B69FA22D9E}
	EndGlobalSection
EndGlobal
