
Microsoft Visual Studio Solution File, Format Version 12.00
# Visual Studio Version 16
VisualStudioVersion = 16.0.30330.147
MinimumVisualStudioVersion = 10.0.40219.1
Project("{FAE04EC0-301F-11D3-BF4B-00C04F79EFBC}") = "Notas", "Notas\Notas.csproj", "{F317AB34-01B4-4EFD-B21E-59AD293311F1}"
EndProject
Global
	GlobalSection(SolutionConfigurationPlatforms) = preSolution
		Debug|Any CPU = Debug|Any CPU
		Release|Any CPU = Release|Any CPU
	EndGlobalSection
	GlobalSection(ProjectConfigurationPlatforms) = postSolution
		{F317AB34-01B4-4EFD-B21E-59AD293311F1}.Debug|Any CPU.ActiveCfg = Debug|Any CPU
		{F317AB34-01B4-4EFD-B21E-59AD293311F1}.Debug|Any CPU.Build.0 = Debug|Any CPU
		{F317AB34-01B4-4EFD-B21E-59AD293311F1}.Release|Any CPU.ActiveCfg = Release|Any CPU
		{F317AB34-01B4-4EFD-B21E-59AD293311F1}.Release|Any CPU.Build.0 = Release|Any CPU
	EndGlobalSection
	GlobalSection(SolutionProperties) = preSolution
		HideSolutionNode = FALSE
	EndGlobalSection
	GlobalSection(ExtensibilityGlobals) = postSolution
		SolutionGuid = {3117935E-5417-40EA-905B-974DC8EC2025}
	EndGlobalSection
EndGlobal
